
Microsoft Visual Studio Solution File, Format Version 12.00
# Visual Studio Version 16
VisualStudioVersion = 16.0.31605.320
MinimumVisualStudioVersion = 10.0.40219.1
Project("{2150E333-8FDC-42A3-9474-1A3956D46DE8}") = "01 - Presentation", "01 - Presentation", "{22B1D604-B104-4116-A96F-D2B8234E4B71}"
EndProject
Project("{2150E333-8FDC-42A3-9474-1A3956D46DE8}") = "02 - Domain", "02 - Domain", "{52ED2CC4-E5E3-4D13-8966-31262F9478E9}"
EndProject
Project("{2150E333-8FDC-42A3-9474-1A3956D46DE8}") = "03 - Infrastructure", "03 - Infrastructure", "{389E62C8-F3A6-44C0-9123-4991FA816887}"
EndProject
Project("{FAE04EC0-301F-11D3-BF4B-00C04F79EFBC}") = "Presentation", "Presentation\Presentation.csproj", "{BD044AF5-52D4-47B3-A6D0-69714CA693FD}"
EndProject
Project("{FAE04EC0-301F-11D3-BF4B-00C04F79EFBC}") = "Domain.Model", "Domain.Model\Domain.Model.csproj", "{A8425D23-2820-44E3-8EC5-AAA733074D74}"
EndProject
Project("{FAE04EC0-301F-11D3-BF4B-00C04F79EFBC}") = "Domain.Service", "Domain.Service\Domain.Service.csproj", "{0C1A5BC5-93D8-4FE2-B68B-2EDBAD4FDB88}"
EndProject
Project("{FAE04EC0-301F-11D3-BF4B-00C04F79EFBC}") = "Data", "Data\Data.csproj", "{9BFB015D-2B62-4738-994C-3264DE903C55}"
EndProject
Project("{FAE04EC0-301F-11D3-BF4B-00C04F79EFBC}") = "Crosscutting.IoC", "Crosscutting.IoC\Crosscutting.IoC.csproj", "{49E69D28-8D09-43C1-8B23-D9F67ED7C6A4}"
EndProject
Global
	GlobalSection(SolutionConfigurationPlatforms) = preSolution
		Debug|Any CPU = Debug|Any CPU
		Release|Any CPU = Release|Any CPU
	EndGlobalSection
	GlobalSection(ProjectConfigurationPlatforms) = postSolution
		{BD044AF5-52D4-47B3-A6D0-69714CA693FD}.Debug|Any CPU.ActiveCfg = Debug|Any CPU
		{BD044AF5-52D4-47B3-A6D0-69714CA693FD}.Debug|Any CPU.Build.0 = Debug|Any CPU
		{BD044AF5-52D4-47B3-A6D0-69714CA693FD}.Release|Any CPU.ActiveCfg = Release|Any CPU
		{BD044AF5-52D4-47B3-A6D0-69714CA693FD}.Release|Any CPU.Build.0 = Release|Any CPU
		{A8425D23-2820-44E3-8EC5-AAA733074D74}.Debug|Any CPU.ActiveCfg = Debug|Any CPU
		{A8425D23-2820-44E3-8EC5-AAA733074D74}.Debug|Any CPU.Build.0 = Debug|Any CPU
		{A8425D23-2820-44E3-8EC5-AAA733074D74}.Release|Any CPU.ActiveCfg = Release|Any CPU
		{A8425D23-2820-44E3-8EC5-AAA733074D74}.Release|Any CPU.Build.0 = Release|Any CPU
		{0C1A5BC5-93D8-4FE2-B68B-2EDBAD4FDB88}.Debug|Any CPU.ActiveCfg = Debug|Any CPU
		{0C1A5BC5-93D8-4FE2-B68B-2EDBAD4FDB88}.Debug|Any CPU.Build.0 = Debug|Any CPU
		{0C1A5BC5-93D8-4FE2-B68B-2EDBAD4FDB88}.Release|Any CPU.ActiveCfg = Release|Any CPU
		{0C1A5BC5-93D8-4FE2-B68B-2EDBAD4FDB88}.Release|Any CPU.Build.0 = Release|Any CPU
		{9BFB015D-2B62-4738-994C-3264DE903C55}.Debug|Any CPU.ActiveCfg = Debug|Any CPU
		{9BFB015D-2B62-4738-994C-3264DE903C55}.Debug|Any CPU.Build.0 = Debug|Any CPU
		{9BFB015D-2B62-4738-994C-3264DE903C55}.Release|Any CPU.ActiveCfg = Release|Any CPU
		{9BFB015D-2B62-4738-994C-3264DE903C55}.Release|Any CPU.Build.0 = Release|Any CPU
		{49E69D28-8D09-43C1-8B23-D9F67ED7C6A4}.Debug|Any CPU.ActiveCfg = Debug|Any CPU
		{49E69D28-8D09-43C1-8B23-D9F67ED7C6A4}.Debug|Any CPU.Build.0 = Debug|Any CPU
		{49E69D28-8D09-43C1-8B23-D9F67ED7C6A4}.Release|Any CPU.ActiveCfg = Release|Any CPU
		{49E69D28-8D09-43C1-8B23-D9F67ED7C6A4}.Release|Any CPU.Build.0 = Release|Any CPU
	EndGlobalSection
	GlobalSection(SolutionProperties) = preSolution
		HideSolutionNode = FALSE
	EndGlobalSection
	GlobalSection(NestedProjects) = preSolution
		{BD044AF5-52D4-47B3-A6D0-69714CA693FD} = {22B1D604-B104-4116-A96F-D2B8234E4B71}
		{A8425D23-2820-44E3-8EC5-AAA733074D74} = {52ED2CC4-E5E3-4D13-8966-31262F9478E9}
		{0C1A5BC5-93D8-4FE2-B68B-2EDBAD4FDB88} = {52ED2CC4-E5E3-4D13-8966-31262F9478E9}
		{9BFB015D-2B62-4738-994C-3264DE903C55} = {389E62C8-F3A6-44C0-9123-4991FA816887}
		{49E69D28-8D09-43C1-8B23-D9F67ED7C6A4} = {389E62C8-F3A6-44C0-9123-4991FA816887}
	EndGlobalSection
	GlobalSection(ExtensibilityGlobals) = postSolution
		SolutionGuid = {79019107-F20C-4BDE-9370-262DA94E4D95}
	EndGlobalSection
EndGlobal
